
Microsoft Visual Studio Solution File, Format Version 12.00
# Visual Studio Version 17
VisualStudioVersion = 17.10.35122.118
MinimumVisualStudioVersion = 10.0.40219.1
Project("{FAE04EC0-301F-11D3-BF4B-00C04F79EFBC}") = "WinFormControls", "WinFormControls\WinFormControls.csproj", "{B19E0925-04BF-4747-8B29-424A57CD32BA}"
EndProject
Global
	GlobalSection(SolutionConfigurationPlatforms) = preSolution
		Debug|Any CPU = Debug|Any CPU
		Release|Any CPU = Release|Any CPU
	EndGlobalSection
	GlobalSection(ProjectConfigurationPlatforms) = postSolution
		{B19E0925-04BF-4747-8B29-424A57CD32BA}.Debug|Any CPU.ActiveCfg = Debug|Any CPU
		{B19E0925-04BF-4747-8B29-424A57CD32BA}.Debug|Any CPU.Build.0 = Debug|Any CPU
		{B19E0925-04BF-4747-8B29-424A57CD32BA}.Release|Any CPU.ActiveCfg = Release|Any CPU
		{B19E0925-04BF-4747-8B29-424A57CD32BA}.Release|Any CPU.Build.0 = Release|Any CPU
	EndGlobalSection
	GlobalSection(SolutionProperties) = preSolution
		HideSolutionNode = FALSE
	EndGlobalSection
	GlobalSection(ExtensibilityGlobals) = postSolution
		SolutionGuid = {F7E87174-9EB4-424C-8C79-787B248BFB95}
	EndGlobalSection
EndGlobal
